
Microsoft Visual Studio Solution File, Format Version 12.00
# Visual Studio 15
Project("{FAE04EC0-301F-11D3-BF4B-00C04F79EFBC}") = "Assembly-CSharp", "Assembly-CSharp.csproj", "{B2905544-40F4-983D-6E5E-A556C637B608}"
EndProject
Global
	GlobalSection(SolutionConfigurationPlatforms) = preSolution
		Debug|Any CPU = Debug|Any CPU
		Release|Any CPU = Release|Any CPU
	EndGlobalSection
	GlobalSection(ProjectConfigurationPlatforms) = postSolution
		{B2905544-40F4-983D-6E5E-A556C637B608}.Debug|Any CPU.ActiveCfg = Debug|Any CPU
		{B2905544-40F4-983D-6E5E-A556C637B608}.Debug|Any CPU.Build.0 = Debug|Any CPU
		{B2905544-40F4-983D-6E5E-A556C637B608}.Release|Any CPU.ActiveCfg = Release|Any CPU
		{B2905544-40F4-983D-6E5E-A556C637B608}.Release|Any CPU.Build.0 = Release|Any CPU
	EndGlobalSection
	GlobalSection(SolutionProperties) = preSolution
		HideSolutionNode = FALSE
	EndGlobalSection
EndGlobal
